<Solution>
  <Folder Name="/src/">
    <Project Path="src/Application/Application.csproj" />
    <Project Path="src/Domain/Domain.csproj" />
    <Project Path="src/Heracles.Web/Heracles.Web.csproj" />
    <Project Path="src/Infrastructure/Infrastructure.csproj" />
    <Project Path="src/Web/Web.csproj" />
  </Folder>
  <Folder Name="/tests/">
    <Project Path="tests/Application.UnitTests/Application.UnitTests.csproj" />
    <Project Path="tests/Domain.UnitTests/Domain.UnitTests.csproj" />
    <Project Path="tests/Infrastructure.UnitTests/Infrastructure.UnitTests.csproj" />
    <Project Path="tests/Web.UnitTests/Web.UnitTests.csproj" />
  </Folder>
</Solution>
